// !$*UTF8*$!
{
	archiveVersion = 1;
	classes = {
	};
	objectVersion = 50;
	objects = {

/* Begin PBXBuildFile section */
		9789ABCA5C0FFAF313FA6696 /* Pods_MailWeather.framework in Frameworks */ = {isa = PBXBuildFile; fileRef = C167438D82A2A4EE83714488 /* Pods_MailWeather.framework */; };
		A29A006620A8F245640E6D09 /* Pods_MailWeather_MailWeatherUITests.framework in Frameworks */ = {isa = PBXBuildFile; fileRef = 9903C2C16D0F7B23C38F3573 /* Pods_MailWeather_MailWeatherUITests.framework */; };
		B42CFE13572F67ED157B3E98 /* Pods_MailWeatherTests.framework in Frameworks */ = {isa = PBXBuildFile; fileRef = 432ECFAF55A68AD54C6FB820 /* Pods_MailWeatherTests.framework */; };
		F439C866255EB03D00C376A1 /* AppDelegate.swift in Sources */ = {isa = PBXBuildFile; fileRef = F439C865255EB03D00C376A1 /* AppDelegate.swift */; };
		F439C868255EB03D00C376A1 /* SceneDelegate.swift in Sources */ = {isa = PBXBuildFile; fileRef = F439C867255EB03D00C376A1 /* SceneDelegate.swift */; };
		F439C86A255EB03D00C376A1 /* ViewController.swift in Sources */ = {isa = PBXBuildFile; fileRef = F439C869255EB03D00C376A1 /* ViewController.swift */; };
		F439C86D255EB03D00C376A1 /* Main.storyboard in Resources */ = {isa = PBXBuildFile; fileRef = F439C86B255EB03D00C376A1 /* Main.storyboard */; };
		F439C86F255EB03F00C376A1 /* Assets.xcassets in Resources */ = {isa = PBXBuildFile; fileRef = F439C86E255EB03F00C376A1 /* Assets.xcassets */; };
		F439C872255EB03F00C376A1 /* LaunchScreen.storyboard in Resources */ = {isa = PBXBuildFile; fileRef = F439C870255EB03F00C376A1 /* LaunchScreen.storyboard */; };
		F439C87D255EB03F00C376A1 /* MailWeatherTests.swift in Sources */ = {isa = PBXBuildFile; fileRef = F439C87C255EB03F00C376A1 /* MailWeatherTests.swift */; };
		F439C888255EB03F00C376A1 /* MailWeatherUITests.swift in Sources */ = {isa = PBXBuildFile; fileRef = F439C887255EB03F00C376A1 /* MailWeatherUITests.swift */; };
		F4D79A6C2561681B000DD421 /* MailWeatherPresenter.swift in Sources */ = {isa = PBXBuildFile; fileRef = F4D79A6B2561681B000DD421 /* MailWeatherPresenter.swift */; };
		F4D79A76256173BE000DD421 /* WeatherCellModel.swift in Sources */ = {isa = PBXBuildFile; fileRef = F4D79A75256173BE000DD421 /* WeatherCellModel.swift */; };
		F4D79A8125618CF7000DD421 /* CentralView.swift in Sources */ = {isa = PBXBuildFile; fileRef = F4D79A8025618CF7000DD421 /* CentralView.swift */; };
/* End PBXBuildFile section */

/* Begin PBXContainerItemProxy section */
		F439C879255EB03F00C376A1 /* PBXContainerItemProxy */ = {
			isa = PBXContainerItemProxy;
			containerPortal = F439C85A255EB03D00C376A1 /* Project object */;
			proxyType = 1;
			remoteGlobalIDString = F439C861255EB03D00C376A1;
			remoteInfo = MailWeather;
		};
		F439C884255EB03F00C376A1 /* PBXContainerItemProxy */ = {
			isa = PBXContainerItemProxy;
			containerPortal = F439C85A255EB03D00C376A1 /* Project object */;
			proxyType = 1;
			remoteGlobalIDString = F439C861255EB03D00C376A1;
			remoteInfo = MailWeather;
		};
/* End PBXContainerItemProxy section */

/* Begin PBXFileReference section */
		27F7C725AAF081527DA96A7F /* Pods-MailWeatherTests.release.xcconfig */ = {isa = PBXFileReference; includeInIndex = 1; lastKnownFileType = text.xcconfig; name = "Pods-MailWeatherTests.release.xcconfig"; path = "Target Support Files/Pods-MailWeatherTests/Pods-MailWeatherTests.release.xcconfig"; sourceTree = "<group>"; };
		432ECFAF55A68AD54C6FB820 /* Pods_MailWeatherTests.framework */ = {isa = PBXFileReference; explicitFileType = wrapper.framework; includeInIndex = 0; path = Pods_MailWeatherTests.framework; sourceTree = BUILT_PRODUCTS_DIR; };
		690CA961A2C4DF00AF0ACEAF /* Pods-MailWeather-MailWeatherUITests.debug.xcconfig */ = {isa = PBXFileReference; includeInIndex = 1; lastKnownFileType = text.xcconfig; name = "Pods-MailWeather-MailWeatherUITests.debug.xcconfig"; path = "Target Support Files/Pods-MailWeather-MailWeatherUITests/Pods-MailWeather-MailWeatherUITests.debug.xcconfig"; sourceTree = "<group>"; };
		7D0E20F82A096C5181F08633 /* Pods-MailWeather-MailWeatherUITests.release.xcconfig */ = {isa = PBXFileReference; includeInIndex = 1; lastKnownFileType = text.xcconfig; name = "Pods-MailWeather-MailWeatherUITests.release.xcconfig"; path = "Target Support Files/Pods-MailWeather-MailWeatherUITests/Pods-MailWeather-MailWeatherUITests.release.xcconfig"; sourceTree = "<group>"; };
		8E197C70AAB82A063DA4CB39 /* Pods-MailWeather.release.xcconfig */ = {isa = PBXFileReference; includeInIndex = 1; lastKnownFileType = text.xcconfig; name = "Pods-MailWeather.release.xcconfig"; path = "Target Support Files/Pods-MailWeather/Pods-MailWeather.release.xcconfig"; sourceTree = "<group>"; };
		9903C2C16D0F7B23C38F3573 /* Pods_MailWeather_MailWeatherUITests.framework */ = {isa = PBXFileReference; explicitFileType = wrapper.framework; includeInIndex = 0; path = Pods_MailWeather_MailWeatherUITests.framework; sourceTree = BUILT_PRODUCTS_DIR; };
		C167438D82A2A4EE83714488 /* Pods_MailWeather.framework */ = {isa = PBXFileReference; explicitFileType = wrapper.framework; includeInIndex = 0; path = Pods_MailWeather.framework; sourceTree = BUILT_PRODUCTS_DIR; };
		C33002B32492AB3BDA426D14 /* Pods-MailWeatherTests.debug.xcconfig */ = {isa = PBXFileReference; includeInIndex = 1; lastKnownFileType = text.xcconfig; name = "Pods-MailWeatherTests.debug.xcconfig"; path = "Target Support Files/Pods-MailWeatherTests/Pods-MailWeatherTests.debug.xcconfig"; sourceTree = "<group>"; };
		D3CE36FACF85540C4FB0367A /* Pods-MailWeather.debug.xcconfig */ = {isa = PBXFileReference; includeInIndex = 1; lastKnownFileType = text.xcconfig; name = "Pods-MailWeather.debug.xcconfig"; path = "Target Support Files/Pods-MailWeather/Pods-MailWeather.debug.xcconfig"; sourceTree = "<group>"; };
		F439C862255EB03D00C376A1 /* MailWeather.app */ = {isa = PBXFileReference; explicitFileType = wrapper.application; includeInIndex = 0; path = MailWeather.app; sourceTree = BUILT_PRODUCTS_DIR; };
		F439C865255EB03D00C376A1 /* AppDelegate.swift */ = {isa = PBXFileReference; lastKnownFileType = sourcecode.swift; path = AppDelegate.swift; sourceTree = "<group>"; };
		F439C867255EB03D00C376A1 /* SceneDelegate.swift */ = {isa = PBXFileReference; lastKnownFileType = sourcecode.swift; path = SceneDelegate.swift; sourceTree = "<group>"; };
		F439C869255EB03D00C376A1 /* ViewController.swift */ = {isa = PBXFileReference; lastKnownFileType = sourcecode.swift; path = ViewController.swift; sourceTree = "<group>"; };
		F439C86C255EB03D00C376A1 /* Base */ = {isa = PBXFileReference; lastKnownFileType = file.storyboard; name = Base; path = Base.lproj/Main.storyboard; sourceTree = "<group>"; };
		F439C86E255EB03F00C376A1 /* Assets.xcassets */ = {isa = PBXFileReference; lastKnownFileType = folder.assetcatalog; path = Assets.xcassets; sourceTree = "<group>"; };
		F439C871255EB03F00C376A1 /* Base */ = {isa = PBXFileReference; lastKnownFileType = file.storyboard; name = Base; path = Base.lproj/LaunchScreen.storyboard; sourceTree = "<group>"; };
		F439C873255EB03F00C376A1 /* Info.plist */ = {isa = PBXFileReference; lastKnownFileType = text.plist.xml; path = Info.plist; sourceTree = "<group>"; };
		F439C878255EB03F00C376A1 /* MailWeatherTests.xctest */ = {isa = PBXFileReference; explicitFileType = wrapper.cfbundle; includeInIndex = 0; path = MailWeatherTests.xctest; sourceTree = BUILT_PRODUCTS_DIR; };
		F439C87C255EB03F00C376A1 /* MailWeatherTests.swift */ = {isa = PBXFileReference; lastKnownFileType = sourcecode.swift; path = MailWeatherTests.swift; sourceTree = "<group>"; };
		F439C87E255EB03F00C376A1 /* Info.plist */ = {isa = PBXFileReference; lastKnownFileType = text.plist.xml; path = Info.plist; sourceTree = "<group>"; };
		F439C883255EB03F00C376A1 /* MailWeatherUITests.xctest */ = {isa = PBXFileReference; explicitFileType = wrapper.cfbundle; includeInIndex = 0; path = MailWeatherUITests.xctest; sourceTree = BUILT_PRODUCTS_DIR; };
		F439C887255EB03F00C376A1 /* MailWeatherUITests.swift */ = {isa = PBXFileReference; lastKnownFileType = sourcecode.swift; path = MailWeatherUITests.swift; sourceTree = "<group>"; };
		F439C889255EB03F00C376A1 /* Info.plist */ = {isa = PBXFileReference; lastKnownFileType = text.plist.xml; path = Info.plist; sourceTree = "<group>"; };
		F4D79A6B2561681B000DD421 /* MailWeatherPresenter.swift */ = {isa = PBXFileReference; lastKnownFileType = sourcecode.swift; path = MailWeatherPresenter.swift; sourceTree = "<group>"; };
		F4D79A75256173BE000DD421 /* WeatherCellModel.swift */ = {isa = PBXFileReference; lastKnownFileType = sourcecode.swift; path = WeatherCellModel.swift; sourceTree = "<group>"; };
		F4D79A8025618CF7000DD421 /* CentralView.swift */ = {isa = PBXFileReference; lastKnownFileType = sourcecode.swift; path = CentralView.swift; sourceTree = "<group>"; };
/* End PBXFileReference section */

/* Begin PBXFrameworksBuildPhase section */
		F439C85F255EB03D00C376A1 /* Frameworks */ = {
			isa = PBXFrameworksBuildPhase;
			buildActionMask = 2147483647;
			files = (
				9789ABCA5C0FFAF313FA6696 /* Pods_MailWeather.framework in Frameworks */,
			);
			runOnlyForDeploymentPostprocessing = 0;
		};
		F439C875255EB03F00C376A1 /* Frameworks */ = {
			isa = PBXFrameworksBuildPhase;
			buildActionMask = 2147483647;
			files = (
				B42CFE13572F67ED157B3E98 /* Pods_MailWeatherTests.framework in Frameworks */,
			);
			runOnlyForDeploymentPostprocessing = 0;
		};
		F439C880255EB03F00C376A1 /* Frameworks */ = {
			isa = PBXFrameworksBuildPhase;
			buildActionMask = 2147483647;
			files = (
				A29A006620A8F245640E6D09 /* Pods_MailWeather_MailWeatherUITests.framework in Frameworks */,
			);
			runOnlyForDeploymentPostprocessing = 0;
		};
/* End PBXFrameworksBuildPhase section */

/* Begin PBXGroup section */
		37374CE34BE5094F5AC4A076 /* Frameworks */ = {
			isa = PBXGroup;
			children = (
				C167438D82A2A4EE83714488 /* Pods_MailWeather.framework */,
				9903C2C16D0F7B23C38F3573 /* Pods_MailWeather_MailWeatherUITests.framework */,
				432ECFAF55A68AD54C6FB820 /* Pods_MailWeatherTests.framework */,
			);
			name = Frameworks;
			sourceTree = "<group>";
		};
		93A0FAE6DE35821954C210D7 /* Pods */ = {
			isa = PBXGroup;
			children = (
				D3CE36FACF85540C4FB0367A /* Pods-MailWeather.debug.xcconfig */,
				8E197C70AAB82A063DA4CB39 /* Pods-MailWeather.release.xcconfig */,
				690CA961A2C4DF00AF0ACEAF /* Pods-MailWeather-MailWeatherUITests.debug.xcconfig */,
				7D0E20F82A096C5181F08633 /* Pods-MailWeather-MailWeatherUITests.release.xcconfig */,
				C33002B32492AB3BDA426D14 /* Pods-MailWeatherTests.debug.xcconfig */,
				27F7C725AAF081527DA96A7F /* Pods-MailWeatherTests.release.xcconfig */,
			);
			name = Pods;
			path = Pods;
			sourceTree = "<group>";
		};
		F439C859255EB03D00C376A1 = {
			isa = PBXGroup;
			children = (
				F439C864255EB03D00C376A1 /* MailWeather */,
				F439C87B255EB03F00C376A1 /* MailWeatherTests */,
				F439C886255EB03F00C376A1 /* MailWeatherUITests */,
				F439C863255EB03D00C376A1 /* Products */,
				93A0FAE6DE35821954C210D7 /* Pods */,
				37374CE34BE5094F5AC4A076 /* Frameworks */,
			);
			sourceTree = "<group>";
		};
		F439C863255EB03D00C376A1 /* Products */ = {
			isa = PBXGroup;
			children = (
				F439C862255EB03D00C376A1 /* MailWeather.app */,
				F439C878255EB03F00C376A1 /* MailWeatherTests.xctest */,
				F439C883255EB03F00C376A1 /* MailWeatherUITests.xctest */,
			);
			name = Products;
			sourceTree = "<group>";
		};
		F439C864255EB03D00C376A1 /* MailWeather */ = {
			isa = PBXGroup;
			children = (
				F439C865255EB03D00C376A1 /* AppDelegate.swift */,
				F439C867255EB03D00C376A1 /* SceneDelegate.swift */,
				F439C869255EB03D00C376A1 /* ViewController.swift */,
				F4D79A6B2561681B000DD421 /* MailWeatherPresenter.swift */,
				F4D79A75256173BE000DD421 /* WeatherCellModel.swift */,
				F4D79A8025618CF7000DD421 /* CentralView.swift */,
				F439C86B255EB03D00C376A1 /* Main.storyboard */,
				F439C86E255EB03F00C376A1 /* Assets.xcassets */,
				F439C870255EB03F00C376A1 /* LaunchScreen.storyboard */,
				F439C873255EB03F00C376A1 /* Info.plist */,
			);
			path = MailWeather;
			sourceTree = "<group>";
		};
		F439C87B255EB03F00C376A1 /* MailWeatherTests */ = {
			isa = PBXGroup;
			children = (
				F439C87C255EB03F00C376A1 /* MailWeatherTests.swift */,
				F439C87E255EB03F00C376A1 /* Info.plist */,
			);
			path = MailWeatherTests;
			sourceTree = "<group>";
		};
		F439C886255EB03F00C376A1 /* MailWeatherUITests */ = {
			isa = PBXGroup;
			children = (
				F439C887255EB03F00C376A1 /* MailWeatherUITests.swift */,
				F439C889255EB03F00C376A1 /* Info.plist */,
			);
			path = MailWeatherUITests;
			sourceTree = "<group>";
		};
/* End PBXGroup section */

/* Begin PBXNativeTarget section */
		F439C861255EB03D00C376A1 /* MailWeather */ = {
			isa = PBXNativeTarget;
			buildConfigurationList = F439C88C255EB03F00C376A1 /* Build configuration list for PBXNativeTarget "MailWeather" */;
			buildPhases = (
				8A55DCCF6969EA46D810A25C /* [CP] Check Pods Manifest.lock */,
				F439C85E255EB03D00C376A1 /* Sources */,
				F439C85F255EB03D00C376A1 /* Frameworks */,
				F439C860255EB03D00C376A1 /* Resources */,
				21EED19761487A3AF629E5F9 /* [CP] Embed Pods Frameworks */,
			);
			buildRules = (
			);
			dependencies = (
			);
			name = MailWeather;
			productName = MailWeather;
			productReference = F439C862255EB03D00C376A1 /* MailWeather.app */;
			productType = "com.apple.product-type.application";
		};
		F439C877255EB03F00C376A1 /* MailWeatherTests */ = {
			isa = PBXNativeTarget;
			buildConfigurationList = F439C88F255EB03F00C376A1 /* Build configuration list for PBXNativeTarget "MailWeatherTests" */;
			buildPhases = (
				67A586B98FF871CCAC225176 /* [CP] Check Pods Manifest.lock */,
				F439C874255EB03F00C376A1 /* Sources */,
				F439C875255EB03F00C376A1 /* Frameworks */,
				F439C876255EB03F00C376A1 /* Resources */,
			);
			buildRules = (
			);
			dependencies = (
				F439C87A255EB03F00C376A1 /* PBXTargetDependency */,
			);
			name = MailWeatherTests;
			productName = MailWeatherTests;
			productReference = F439C878255EB03F00C376A1 /* MailWeatherTests.xctest */;
			productType = "com.apple.product-type.bundle.unit-test";
		};
		F439C882255EB03F00C376A1 /* MailWeatherUITests */ = {
			isa = PBXNativeTarget;
			buildConfigurationList = F439C892255EB03F00C376A1 /* Build configuration list for PBXNativeTarget "MailWeatherUITests" */;
			buildPhases = (
				11753107107DAF74F32B8831 /* [CP] Check Pods Manifest.lock */,
				F439C87F255EB03F00C376A1 /* Sources */,
				F439C880255EB03F00C376A1 /* Frameworks */,
				F439C881255EB03F00C376A1 /* Resources */,
				807E483479A958169329822B /* [CP] Embed Pods Frameworks */,
			);
			buildRules = (
			);
			dependencies = (
				F439C885255EB03F00C376A1 /* PBXTargetDependency */,
			);
			name = MailWeatherUITests;
			productName = MailWeatherUITests;
			productReference = F439C883255EB03F00C376A1 /* MailWeatherUITests.xctest */;
			productType = "com.apple.product-type.bundle.ui-testing";
		};
/* End PBXNativeTarget section */

/* Begin PBXProject section */
		F439C85A255EB03D00C376A1 /* Project object */ = {
			isa = PBXProject;
			attributes = {
				LastSwiftUpdateCheck = 1210;
				LastUpgradeCheck = 1210;
				TargetAttributes = {
					F439C861255EB03D00C376A1 = {
						CreatedOnToolsVersion = 12.1;
					};
					F439C877255EB03F00C376A1 = {
						CreatedOnToolsVersion = 12.1;
						TestTargetID = F439C861255EB03D00C376A1;
					};
					F439C882255EB03F00C376A1 = {
						CreatedOnToolsVersion = 12.1;
						TestTargetID = F439C861255EB03D00C376A1;
					};
				};
			};
			buildConfigurationList = F439C85D255EB03D00C376A1 /* Build configuration list for PBXProject "MailWeather" */;
			compatibilityVersion = "Xcode 9.3";
			developmentRegion = en;
			hasScannedForEncodings = 0;
			knownRegions = (
				en,
				Base,
			);
			mainGroup = F439C859255EB03D00C376A1;
			productRefGroup = F439C863255EB03D00C376A1 /* Products */;
			projectDirPath = "";
			projectRoot = "";
			targets = (
				F439C861255EB03D00C376A1 /* MailWeather */,
				F439C877255EB03F00C376A1 /* MailWeatherTests */,
				F439C882255EB03F00C376A1 /* MailWeatherUITests */,
			);
		};
/* End PBXProject section */

/* Begin PBXResourcesBuildPhase section */
		F439C860255EB03D00C376A1 /* Resources */ = {
			isa = PBXResourcesBuildPhase;
			buildActionMask = 2147483647;
			files = (
				F439C872255EB03F00C376A1 /* LaunchScreen.storyboard in Resources */,
				F439C86F255EB03F00C376A1 /* Assets.xcassets in Resources */,
				F439C86D255EB03D00C376A1 /* Main.storyboard in Resources */,
			);
			runOnlyForDeploymentPostprocessing = 0;
		};
		F439C876255EB03F00C376A1 /* Resources */ = {
			isa = PBXResourcesBuildPhase;
			buildActionMask = 2147483647;
			files = (
			);
			runOnlyForDeploymentPostprocessing = 0;
		};
		F439C881255EB03F00C376A1 /* Resources */ = {
			isa = PBXResourcesBuildPhase;
			buildActionMask = 2147483647;
			files = (
			);
			runOnlyForDeploymentPostprocessing = 0;
		};
/* End PBXResourcesBuildPhase section */

/* Begin PBXShellScriptBuildPhase section */
		11753107107DAF74F32B8831 /* [CP] Check Pods Manifest.lock */ = {
			isa = PBXShellScriptBuildPhase;
			buildActionMask = 2147483647;
			files = (
			);
			inputFileListPaths = (
			);
			inputPaths = (
				"${PODS_PODFILE_DIR_PATH}/Podfile.lock",
				"${PODS_ROOT}/Manifest.lock",
			);
			name = "[CP] Check Pods Manifest.lock";
			outputFileListPaths = (
			);
			outputPaths = (
				"$(DERIVED_FILE_DIR)/Pods-MailWeather-MailWeatherUITests-checkManifestLockResult.txt",
			);
			runOnlyForDeploymentPostprocessing = 0;
			shellPath = /bin/sh;
			shellScript = "diff \"${PODS_PODFILE_DIR_PATH}/Podfile.lock\" \"${PODS_ROOT}/Manifest.lock\" > /dev/null\nif [ $? != 0 ] ; then\n    # print error to STDERR\n    echo \"error: The sandbox is not in sync with the Podfile.lock. Run 'pod install' or update your CocoaPods installation.\" >&2\n    exit 1\nfi\n# This output is used by Xcode 'outputs' to avoid re-running this script phase.\necho \"SUCCESS\" > \"${SCRIPT_OUTPUT_FILE_0}\"\n";
			showEnvVarsInLog = 0;
		};
		21EED19761487A3AF629E5F9 /* [CP] Embed Pods Frameworks */ = {
			isa = PBXShellScriptBuildPhase;
			buildActionMask = 2147483647;
			files = (
			);
			inputFileListPaths = (
				"${PODS_ROOT}/Target Support Files/Pods-MailWeather/Pods-MailWeather-frameworks-${CONFIGURATION}-input-files.xcfilelist",
			);
			name = "[CP] Embed Pods Frameworks";
			outputFileListPaths = (
				"${PODS_ROOT}/Target Support Files/Pods-MailWeather/Pods-MailWeather-frameworks-${CONFIGURATION}-output-files.xcfilelist",
			);
			runOnlyForDeploymentPostprocessing = 0;
			shellPath = /bin/sh;
			shellScript = "\"${PODS_ROOT}/Target Support Files/Pods-MailWeather/Pods-MailWeather-frameworks.sh\"\n";
			showEnvVarsInLog = 0;
		};
		67A586B98FF871CCAC225176 /* [CP] Check Pods Manifest.lock */ = {
			isa = PBXShellScriptBuildPhase;
			buildActionMask = 2147483647;
			files = (
			);
			inputFileListPaths = (
			);
			inputPaths = (
				"${PODS_PODFILE_DIR_PATH}/Podfile.lock",
				"${PODS_ROOT}/Manifest.lock",
			);
			name = "[CP] Check Pods Manifest.lock";
			outputFileListPaths = (
			);
			outputPaths = (
				"$(DERIVED_FILE_DIR)/Pods-MailWeatherTests-checkManifestLockResult.txt",
			);
			runOnlyForDeploymentPostprocessing = 0;
			shellPath = /bin/sh;
			shellScript = "diff \"${PODS_PODFILE_DIR_PATH}/Podfile.lock\" \"${PODS_ROOT}/Manifest.lock\" > /dev/null\nif [ $? != 0 ] ; then\n    # print error to STDERR\n    echo \"error: The sandbox is not in sync with the Podfile.lock. Run 'pod install' or update your CocoaPods installation.\" >&2\n    exit 1\nfi\n# This output is used by Xcode 'outputs' to avoid re-running this script phase.\necho \"SUCCESS\" > \"${SCRIPT_OUTPUT_FILE_0}\"\n";
			showEnvVarsInLog = 0;
		};
		807E483479A958169329822B /* [CP] Embed Pods Frameworks */ = {
			isa = PBXShellScriptBuildPhase;
			buildActionMask = 2147483647;
			files = (
			);
			inputFileListPaths = (
				"${PODS_ROOT}/Target Support Files/Pods-MailWeather-MailWeatherUITests/Pods-MailWeather-MailWeatherUITests-frameworks-${CONFIGURATION}-input-files.xcfilelist",
			);
			name = "[CP] Embed Pods Frameworks";
			outputFileListPaths = (
				"${PODS_ROOT}/Target Support Files/Pods-MailWeather-MailWeatherUITests/Pods-MailWeather-MailWeatherUITests-frameworks-${CONFIGURATION}-output-files.xcfilelist",
			);
			runOnlyForDeploymentPostprocessing = 0;
			shellPath = /bin/sh;
			shellScript = "\"${PODS_ROOT}/Target Support Files/Pods-MailWeather-MailWeatherUITests/Pods-MailWeather-MailWeatherUITests-frameworks.sh\"\n";
			showEnvVarsInLog = 0;
		};
		8A55DCCF6969EA46D810A25C /* [CP] Check Pods Manifest.lock */ = {
			isa = PBXShellScriptBuildPhase;
			buildActionMask = 2147483647;
			files = (
			);
			inputFileListPaths = (
			);
			inputPaths = (
				"${PODS_PODFILE_DIR_PATH}/Podfile.lock",
				"${PODS_ROOT}/Manifest.lock",
			);
			name = "[CP] Check Pods Manifest.lock";
			outputFileListPaths = (
			);
			outputPaths = (
				"$(DERIVED_FILE_DIR)/Pods-MailWeather-checkManifestLockResult.txt",
			);
			runOnlyForDeploymentPostprocessing = 0;
			shellPath = /bin/sh;
			shellScript = "diff \"${PODS_PODFILE_DIR_PATH}/Podfile.lock\" \"${PODS_ROOT}/Manifest.lock\" > /dev/null\nif [ $? != 0 ] ; then\n    # print error to STDERR\n    echo \"error: The sandbox is not in sync with the Podfile.lock. Run 'pod install' or update your CocoaPods installation.\" >&2\n    exit 1\nfi\n# This output is used by Xcode 'outputs' to avoid re-running this script phase.\necho \"SUCCESS\" > \"${SCRIPT_OUTPUT_FILE_0}\"\n";
			showEnvVarsInLog = 0;
		};
/* End PBXShellScriptBuildPhase section */

/* Begin PBXSourcesBuildPhase section */
		F439C85E255EB03D00C376A1 /* Sources */ = {
			isa = PBXSourcesBuildPhase;
			buildActionMask = 2147483647;
			files = (
				F4D79A8125618CF7000DD421 /* CentralView.swift in Sources */,
				F4D79A76256173BE000DD421 /* WeatherCellModel.swift in Sources */,
				F4D79A6C2561681B000DD421 /* MailWeatherPresenter.swift in Sources */,
				F439C86A255EB03D00C376A1 /* ViewController.swift in Sources */,
				F439C866255EB03D00C376A1 /* AppDelegate.swift in Sources */,
				F439C868255EB03D00C376A1 /* SceneDelegate.swift in Sources */,
			);
			runOnlyForDeploymentPostprocessing = 0;
		};
		F439C874255EB03F00C376A1 /* Sources */ = {
			isa = PBXSourcesBuildPhase;
			buildActionMask = 2147483647;
			files = (
				F439C87D255EB03F00C376A1 /* MailWeatherTests.swift in Sources */,
			);
			runOnlyForDeploymentPostprocessing = 0;
		};
		F439C87F255EB03F00C376A1 /* Sources */ = {
			isa = PBXSourcesBuildPhase;
			buildActionMask = 2147483647;
			files = (
				F439C888255EB03F00C376A1 /* MailWeatherUITests.swift in Sources */,
			);
			runOnlyForDeploymentPostprocessing = 0;
		};
/* End PBXSourcesBuildPhase section */

/* Begin PBXTargetDependency section */
		F439C87A255EB03F00C376A1 /* PBXTargetDependency */ = {
			isa = PBXTargetDependency;
			target = F439C861255EB03D00C376A1 /* MailWeather */;
			targetProxy = F439C879255EB03F00C376A1 /* PBXContainerItemProxy */;
		};
		F439C885255EB03F00C376A1 /* PBXTargetDependency */ = {
			isa = PBXTargetDependency;
			target = F439C861255EB03D00C376A1 /* MailWeather */;
			targetProxy = F439C884255EB03F00C376A1 /* PBXContainerItemProxy */;
		};
/* End PBXTargetDependency section */

/* Begin PBXVariantGroup section */
		F439C86B255EB03D00C376A1 /* Main.storyboard */ = {
			isa = PBXVariantGroup;
			children = (
				F439C86C255EB03D00C376A1 /* Base */,
			);
			name = Main.storyboard;
			sourceTree = "<group>";
		};
		F439C870255EB03F00C376A1 /* LaunchScreen.storyboard */ = {
			isa = PBXVariantGroup;
			children = (
				F439C871255EB03F00C376A1 /* Base */,
			);
			name = LaunchScreen.storyboard;
			sourceTree = "<group>";
		};
/* End PBXVariantGroup section */

/* Begin XCBuildConfiguration section */
		F439C88A255EB03F00C376A1 /* Debug */ = {
			isa = XCBuildConfiguration;
			buildSettings = {
				ALWAYS_SEARCH_USER_PATHS = NO;
				CLANG_ANALYZER_NONNULL = YES;
				CLANG_ANALYZER_NUMBER_OBJECT_CONVERSION = YES_AGGRESSIVE;
				CLANG_CXX_LANGUAGE_STANDARD = "gnu++14";
				CLANG_CXX_LIBRARY = "libc++";
				CLANG_ENABLE_MODULES = YES;
				CLANG_ENABLE_OBJC_ARC = YES;
				CLANG_ENABLE_OBJC_WEAK = YES;
				CLANG_WARN_BLOCK_CAPTURE_AUTORELEASING = YES;
				CLANG_WARN_BOOL_CONVERSION = YES;
				CLANG_WARN_COMMA = YES;
				CLANG_WARN_CONSTANT_CONVERSION = YES;
				CLANG_WARN_DEPRECATED_OBJC_IMPLEMENTATIONS = YES;
				CLANG_WARN_DIRECT_OBJC_ISA_USAGE = YES_ERROR;
				CLANG_WARN_DOCUMENTATION_COMMENTS = YES;
				CLANG_WARN_EMPTY_BODY = YES;
				CLANG_WARN_ENUM_CONVERSION = YES;
				CLANG_WARN_INFINITE_RECURSION = YES;
				CLANG_WARN_INT_CONVERSION = YES;
				CLANG_WARN_NON_LITERAL_NULL_CONVERSION = YES;
				CLANG_WARN_OBJC_IMPLICIT_RETAIN_SELF = YES;
				CLANG_WARN_OBJC_LITERAL_CONVERSION = YES;
				CLANG_WARN_OBJC_ROOT_CLASS = YES_ERROR;
				CLANG_WARN_QUOTED_INCLUDE_IN_FRAMEWORK_HEADER = YES;
				CLANG_WARN_RANGE_LOOP_ANALYSIS = YES;
				CLANG_WARN_STRICT_PROTOTYPES = YES;
				CLANG_WARN_SUSPICIOUS_MOVE = YES;
				CLANG_WARN_UNGUARDED_AVAILABILITY = YES_AGGRESSIVE;
				CLANG_WARN_UNREACHABLE_CODE = YES;
				CLANG_WARN__DUPLICATE_METHOD_MATCH = YES;
				COPY_PHASE_STRIP = NO;
				DEBUG_INFORMATION_FORMAT = dwarf;
				ENABLE_STRICT_OBJC_MSGSEND = YES;
				ENABLE_TESTABILITY = YES;
				GCC_C_LANGUAGE_STANDARD = gnu11;
				GCC_DYNAMIC_NO_PIC = NO;
				GCC_NO_COMMON_BLOCKS = YES;
				GCC_OPTIMIZATION_LEVEL = 0;
				GCC_PREPROCESSOR_DEFINITIONS = (
					"DEBUG=1",
					"$(inherited)",
				);
				GCC_WARN_64_TO_32_BIT_CONVERSION = YES;
				GCC_WARN_ABOUT_RETURN_TYPE = YES_ERROR;
				GCC_WARN_UNDECLARED_SELECTOR = YES;
				GCC_WARN_UNINITIALIZED_AUTOS = YES_AGGRESSIVE;
				GCC_WARN_UNUSED_FUNCTION = YES;
				GCC_WARN_UNUSED_VARIABLE = YES;
				IPHONEOS_DEPLOYMENT_TARGET = 14.1;
				MTL_ENABLE_DEBUG_INFO = INCLUDE_SOURCE;
				MTL_FAST_MATH = YES;
				ONLY_ACTIVE_ARCH = YES;
				SDKROOT = iphoneos;
				SWIFT_ACTIVE_COMPILATION_CONDITIONS = DEBUG;
				SWIFT_OPTIMIZATION_LEVEL = "-Onone";
			};
			name = Debug;
		};
		F439C88B255EB03F00C376A1 /* Release */ = {
			isa = XCBuildConfiguration;
			buildSettings = {
				ALWAYS_SEARCH_USER_PATHS = NO;
				CLANG_ANALYZER_NONNULL = YES;
				CLANG_ANALYZER_NUMBER_OBJECT_CONVERSION = YES_AGGRESSIVE;
				CLANG_CXX_LANGUAGE_STANDARD = "gnu++14";
				CLANG_CXX_LIBRARY = "libc++";
				CLANG_ENABLE_MODULES = YES;
				CLANG_ENABLE_OBJC_ARC = YES;
				CLANG_ENABLE_OBJC_WEAK = YES;
				CLANG_WARN_BLOCK_CAPTURE_AUTORELEASING = YES;
				CLANG_WARN_BOOL_CONVERSION = YES;
				CLANG_WARN_COMMA = YES;
				CLANG_WARN_CONSTANT_CONVERSION = YES;
				CLANG_WARN_DEPRECATED_OBJC_IMPLEMENTATIONS = YES;
				CLANG_WARN_DIRECT_OBJC_ISA_USAGE = YES_ERROR;
				CLANG_WARN_DOCUMENTATION_COMMENTS = YES;
				CLANG_WARN_EMPTY_BODY = YES;
				CLANG_WARN_ENUM_CONVERSION = YES;
				CLANG_WARN_INFINITE_RECURSION = YES;
				CLANG_WARN_INT_CONVERSION = YES;
				CLANG_WARN_NON_LITERAL_NULL_CONVERSION = YES;
				CLANG_WARN_OBJC_IMPLICIT_RETAIN_SELF = YES;
				CLANG_WARN_OBJC_LITERAL_CONVERSION = YES;
				CLANG_WARN_OBJC_ROOT_CLASS = YES_ERROR;
				CLANG_WARN_QUOTED_INCLUDE_IN_FRAMEWORK_HEADER = YES;
				CLANG_WARN_RANGE_LOOP_ANALYSIS = YES;
				CLANG_WARN_STRICT_PROTOTYPES = YES;
				CLANG_WARN_SUSPICIOUS_MOVE = YES;
				CLANG_WARN_UNGUARDED_AVAILABILITY = YES_AGGRESSIVE;
				CLANG_WARN_UNREACHABLE_CODE = YES;
				CLANG_WARN__DUPLICATE_METHOD_MATCH = YES;
				COPY_PHASE_STRIP = NO;
				DEBUG_INFORMATION_FORMAT = "dwarf-with-dsym";
				ENABLE_NS_ASSERTIONS = NO;
				ENABLE_STRICT_OBJC_MSGSEND = YES;
				GCC_C_LANGUAGE_STANDARD = gnu11;
				GCC_NO_COMMON_BLOCKS = YES;
				GCC_WARN_64_TO_32_BIT_CONVERSION = YES;
				GCC_WARN_ABOUT_RETURN_TYPE = YES_ERROR;
				GCC_WARN_UNDECLARED_SELECTOR = YES;
				GCC_WARN_UNINITIALIZED_AUTOS = YES_AGGRESSIVE;
				GCC_WARN_UNUSED_FUNCTION = YES;
				GCC_WARN_UNUSED_VARIABLE = YES;
				IPHONEOS_DEPLOYMENT_TARGET = 14.1;
				MTL_ENABLE_DEBUG_INFO = NO;
				MTL_FAST_MATH = YES;
				SDKROOT = iphoneos;
				SWIFT_COMPILATION_MODE = wholemodule;
				SWIFT_OPTIMIZATION_LEVEL = "-O";
				VALIDATE_PRODUCT = YES;
			};
			name = Release;
		};
		F439C88D255EB03F00C376A1 /* Debug */ = {
			isa = XCBuildConfiguration;
			baseConfigurationReference = D3CE36FACF85540C4FB0367A /* Pods-MailWeather.debug.xcconfig */;
			buildSettings = {
				ASSETCATALOG_COMPILER_APPICON_NAME = AppIcon;
				ASSETCATALOG_COMPILER_GLOBAL_ACCENT_COLOR_NAME = AccentColor;
				CODE_SIGN_STYLE = Automatic;
				DEVELOPMENT_TEAM = 3A9536C2AF;
				INFOPLIST_FILE = MailWeather/Info.plist;
				IPHONEOS_DEPLOYMENT_TARGET = 14.1;
				LD_RUNPATH_SEARCH_PATHS = (
					"$(inherited)",
					"@executable_path/Frameworks",
				);
				PRODUCT_BUNDLE_IDENTIFIER = LeplaSak.MailWeather;
				PRODUCT_NAME = "$(TARGET_NAME)";
				SWIFT_VERSION = 5.0;
				TARGETED_DEVICE_FAMILY = 1;
			};
			name = Debug;
		};
		F439C88E255EB03F00C376A1 /* Release */ = {
			isa = XCBuildConfiguration;
			baseConfigurationReference = 8E197C70AAB82A063DA4CB39 /* Pods-MailWeather.release.xcconfig */;
			buildSettings = {
				ASSETCATALOG_COMPILER_APPICON_NAME = AppIcon;
				ASSETCATALOG_COMPILER_GLOBAL_ACCENT_COLOR_NAME = AccentColor;
				CODE_SIGN_STYLE = Automatic;
				DEVELOPMENT_TEAM = 3A9536C2AF;
				INFOPLIST_FILE = MailWeather/Info.plist;
				IPHONEOS_DEPLOYMENT_TARGET = 14.1;
				LD_RUNPATH_SEARCH_PATHS = (
					"$(inherited)",
					"@executable_path/Frameworks",
				);
				PRODUCT_BUNDLE_IDENTIFIER = LeplaSak.MailWeather;
				PRODUCT_NAME = "$(TARGET_NAME)";
				SWIFT_VERSION = 5.0;
				TARGETED_DEVICE_FAMILY = 1;
			};
			name = Release;
		};
		F439C890255EB03F00C376A1 /* Debug */ = {
			isa = XCBuildConfiguration;
			baseConfigurationReference = C33002B32492AB3BDA426D14 /* Pods-MailWeatherTests.debug.xcconfig */;
			buildSettings = {
				ALWAYS_EMBED_SWIFT_STANDARD_LIBRARIES = YES;
				BUNDLE_LOADER = "$(TEST_HOST)";
				CODE_SIGN_STYLE = Automatic;
				DEVELOPMENT_TEAM = 3A9536C2AF;
				INFOPLIST_FILE = MailWeatherTests/Info.plist;
				IPHONEOS_DEPLOYMENT_TARGET = 14.1;
				LD_RUNPATH_SEARCH_PATHS = (
					"$(inherited)",
					"@executable_path/Frameworks",
					"@loader_path/Frameworks",
				);
				PRODUCT_BUNDLE_IDENTIFIER = LeplaSak.MailWeatherTests;
				PRODUCT_NAME = "$(TARGET_NAME)";
				SWIFT_VERSION = 5.0;
				TARGETED_DEVICE_FAMILY = "1,2";
				TEST_HOST = "$(BUILT_PRODUCTS_DIR)/MailWeather.app/MailWeather";
			};
			name = Debug;
		};
		F439C891255EB03F00C376A1 /* Release */ = {
			isa = XCBuildConfiguration;
			baseConfigurationReference = 27F7C725AAF081527DA96A7F /* Pods-MailWeatherTests.release.xcconfig */;
			buildSettings = {
				ALWAYS_EMBED_SWIFT_STANDARD_LIBRARIES = YES;
				BUNDLE_LOADER = "$(TEST_HOST)";
				CODE_SIGN_STYLE = Automatic;
				DEVELOPMENT_TEAM = 3A9536C2AF;
				INFOPLIST_FILE = MailWeatherTests/Info.plist;
				IPHONEOS_DEPLOYMENT_TARGET = 14.1;
				LD_RUNPATH_SEARCH_PATHS = (
					"$(inherited)",
					"@executable_path/Frameworks",
					"@loader_path/Frameworks",
				);
				PRODUCT_BUNDLE_IDENTIFIER = LeplaSak.MailWeatherTests;
				PRODUCT_NAME = "$(TARGET_NAME)";
				SWIFT_VERSION = 5.0;
				TARGETED_DEVICE_FAMILY = "1,2";
				TEST_HOST = "$(BUILT_PRODUCTS_DIR)/MailWeather.app/MailWeather";
			};
			name = Release;
		};
		F439C893255EB03F00C376A1 /* Debug */ = {
			isa = XCBuildConfiguration;
			baseConfigurationReference = 690CA961A2C4DF00AF0ACEAF /* Pods-MailWeather-MailWeatherUITests.debug.xcconfig */;
			buildSettings = {
				ALWAYS_EMBED_SWIFT_STANDARD_LIBRARIES = YES;
				CODE_SIGN_STYLE = Automatic;
				DEVELOPMENT_TEAM = 3A9536C2AF;
				INFOPLIST_FILE = MailWeatherUITests/Info.plist;
				LD_RUNPATH_SEARCH_PATHS = (
					"$(inherited)",
					"@executable_path/Frameworks",
					"@loader_path/Frameworks",
				);
				PRODUCT_BUNDLE_IDENTIFIER = LeplaSak.MailWeatherUITests;
				PRODUCT_NAME = "$(TARGET_NAME)";
				SWIFT_VERSION = 5.0;
				TARGETED_DEVICE_FAMILY = "1,2";
				TEST_TARGET_NAME = MailWeather;
			};
			name = Debug;
		};
		F439C894255EB03F00C376A1 /* Release */ = {
			isa = XCBuildConfiguration;
			baseConfigurationReference = 7D0E20F82A096C5181F08633 /* Pods-MailWeather-MailWeatherUITests.release.xcconfig */;
			buildSettings = {
				ALWAYS_EMBED_SWIFT_STANDARD_LIBRARIES = YES;
				CODE_SIGN_STYLE = Automatic;
				DEVELOPMENT_TEAM = 3A9536C2AF;
				INFOPLIST_FILE = MailWeatherUITests/Info.plist;
				LD_RUNPATH_SEARCH_PATHS = (
					"$(inherited)",
					"@executable_path/Frameworks",
					"@loader_path/Frameworks",
				);
				PRODUCT_BUNDLE_IDENTIFIER = LeplaSak.MailWeatherUITests;
				PRODUCT_NAME = "$(TARGET_NAME)";
				SWIFT_VERSION = 5.0;
				TARGETED_DEVICE_FAMILY = "1,2";
				TEST_TARGET_NAME = MailWeather;
			};
			name = Release;
		};
/* End XCBuildConfiguration section */

/* Begin XCConfigurationList section */
		F439C85D255EB03D00C376A1 /* Build configuration list for PBXProject "MailWeather" */ = {
			isa = XCConfigurationList;
			buildConfigurations = (
				F439C88A255EB03F00C376A1 /* Debug */,
				F439C88B255EB03F00C376A1 /* Release */,
			);
			defaultConfigurationIsVisible = 0;
			defaultConfigurationName = Release;
		};
		F439C88C255EB03F00C376A1 /* Build configuration list for PBXNativeTarget "MailWeather" */ = {
			isa = XCConfigurationList;
			buildConfigurations = (
				F439C88D255EB03F00C376A1 /* Debug */,
				F439C88E255EB03F00C376A1 /* Release */,
			);
			defaultConfigurationIsVisible = 0;
			defaultConfigurationName = Release;
		};
		F439C88F255EB03F00C376A1 /* Build configuration list for PBXNativeTarget "MailWeatherTests" */ = {
			isa = XCConfigurationList;
			buildConfigurations = (
				F439C890255EB03F00C376A1 /* Debug */,
				F439C891255EB03F00C376A1 /* Release */,
			);
			defaultConfigurationIsVisible = 0;
			defaultConfigurationName = Release;
		};
		F439C892255EB03F00C376A1 /* Build configuration list for PBXNativeTarget "MailWeatherUITests" */ = {
			isa = XCConfigurationList;
			buildConfigurations = (
				F439C893255EB03F00C376A1 /* Debug */,
				F439C894255EB03F00C376A1 /* Release */,
			);
			defaultConfigurationIsVisible = 0;
			defaultConfigurationName = Release;
		};
/* End XCConfigurationList section */
	};
	rootObject = F439C85A255EB03D00C376A1 /* Project object */;
}
